
Microsoft Visual Studio Solution File, Format Version 12.00
# Visual Studio 14
VisualStudioVersion = 14.0.25123.0
MinimumVisualStudioVersion = 10.0.40219.1
Project("{FAE04EC0-301F-11D3-BF4B-00C04F79EFBC}") = "examples", "examples\examples.csproj", "{064D4865-BC8D-406E-B1FB-714C2CDAE09A}"
EndProject
Project("{FAE04EC0-301F-11D3-BF4B-00C04F79EFBC}") = "01.NumbersFromOneToN", "01.NumbersFromOneToN\01.NumbersFromOneToN.csproj", "{E7DA856C-71B7-415B-9182-10B136E60F19}"
EndProject
Project("{FAE04EC0-301F-11D3-BF4B-00C04F79EFBC}") = "02.NotDivisibleNumbers", "02.NotDivisibleNumbers\02.NotDivisibleNumbers.csproj", "{A1DE76A3-60B7-4515-941E-AE8B58924304}"
EndProject
Project("{FAE04EC0-301F-11D3-BF4B-00C04F79EFBC}") = "03.MMSAOfNNumbers", "03.MMSAOfNNumbers\03.MMSAOfNNumbers.csproj", "{74F52CF2-CA9B-44F3-898E-BB1694B68E63}"
EndProject
Project("{FAE04EC0-301F-11D3-BF4B-00C04F79EFBC}") = "04.PrintADeck", "04.PrintADeck\04.PrintADeck.csproj", "{41E53602-455A-4121-B438-29E12FE3555F}"
EndProject
Project("{FAE04EC0-301F-11D3-BF4B-00C04F79EFBC}") = "05.Calculate!", "05.Calculate!\05.Calculate!.csproj", "{3F6BEFF6-61E8-40A3-A6A0-DE8CC204AD1C}"
EndProject
Project("{FAE04EC0-301F-11D3-BF4B-00C04F79EFBC}") = "09.MatrixOfNumbers", "09.MatrixOfNumbers\09.MatrixOfNumbers.csproj", "{D454B61B-9AA1-476A-97DC-C88FCDD1FBB6}"
EndProject
Project("{FAE04EC0-301F-11D3-BF4B-00C04F79EFBC}") = "10.OddAndEvenProduct", "10.OddAndEvenProduct\10.OddAndEvenProduct.csproj", "{B5BF9D8B-04D3-41E3-8702-47121EC1B078}"
EndProject
Project("{FAE04EC0-301F-11D3-BF4B-00C04F79EFBC}") = "06.CalculateAgain!", "06.CalculateAgain!\06.CalculateAgain!.csproj", "{23476ABA-435C-414E-B1F2-E015AD193989}"
EndProject
Project("{FAE04EC0-301F-11D3-BF4B-00C04F79EFBC}") = "07.CalculateThree!", "07.CalculateThree!\07.CalculateThree!.csproj", "{75CDC586-7747-48C3-A295-1F10E34BB689}"
EndProject
Project("{FAE04EC0-301F-11D3-BF4B-00C04F79EFBC}") = "08.CatalanNumbers", "08.CatalanNumbers\08.CatalanNumbers.csproj", "{AC0C320F-136A-45D1-956F-C2D0E111F4D0}"
EndProject
Project("{FAE04EC0-301F-11D3-BF4B-00C04F79EFBC}") = "something", "something\something.csproj", "{47EABB6B-8D8D-4BCC-88F6-FB9ED0718AF8}"
EndProject
Project("{FAE04EC0-301F-11D3-BF4B-00C04F79EFBC}") = "NIghtmareOnCodeStreet", "NIghtmareOnCodeStreet\NIghtmareOnCodeStreet.csproj", "{A8199FF0-19EB-4990-9FD6-761B08033089}"
EndProject
Project("{FAE04EC0-301F-11D3-BF4B-00C04F79EFBC}") = "Enigmanation", "Enigmanation\Enigmanation.csproj", "{244F2911-E158-4488-8EEC-754C8CB71CF9}"
EndProject
Project("{FAE04EC0-301F-11D3-BF4B-00C04F79EFBC}") = "Decoding - niki", "Decoding - niki\Decoding - niki.csproj", "{DF75AC08-596D-417C-9F73-B02785CE604C}"
EndProject
Project("{FAE04EC0-301F-11D3-BF4B-00C04F79EFBC}") = "ThreeNumbers", "ThreeNumbers\ThreeNumbers.csproj", "{0E6EA02F-B267-49B7-9AAE-E6B33A2C48BB}"
EndProject
Project("{FAE04EC0-301F-11D3-BF4B-00C04F79EFBC}") = "ConsoleApplication1", "ConsoleApplication1\ConsoleApplication1.csproj", "{36D27082-D031-4936-9CE2-FF615928BA42}"
EndProject
Project("{FAE04EC0-301F-11D3-BF4B-00C04F79EFBC}") = "DiamondTrolls", "DiamondTrolls\DiamondTrolls.csproj", "{B784A6C0-D5CF-47B1-AAD1-DA4DF65D3DC8}"
EndProject
Project("{FAE04EC0-301F-11D3-BF4B-00C04F79EFBC}") = "KaspichaniaBoats", "KaspichaniaBoats\KaspichaniaBoats.csproj", "{A8941563-640B-4246-9C11-90441EDA44EC}"
EndProject
Project("{FAE04EC0-301F-11D3-BF4B-00C04F79EFBC}") = "11.BinaryToDecimal", "11.BinaryToDecimal\11.BinaryToDecimal.csproj", "{6A095E6E-16CD-4BFC-8647-A1013E1D8458}"
EndProject
Project("{FAE04EC0-301F-11D3-BF4B-00C04F79EFBC}") = "12.DecimalТоBinary", "12.DecimalТоBinary\12.DecimalТоBinary.csproj", "{055DCC1D-9C69-42E7-996B-BABFE4214BBB}"
EndProject
Project("{FAE04EC0-301F-11D3-BF4B-00C04F79EFBC}") = "13.DecimalToHex", "13.DecimalToHex\13.DecimalToHex.csproj", "{CA4241DC-64A9-49AA-93EA-BDB48E5EFA7D}"
EndProject
Project("{FAE04EC0-301F-11D3-BF4B-00C04F79EFBC}") = "14.HexToDecimal", "14.HexToDecimal\14.HexToDecimal.csproj", "{65F0CA9D-A8D0-44C0-8054-88E25B9E04A0}"
EndProject
Project("{FAE04EC0-301F-11D3-BF4B-00C04F79EFBC}") = "15.GCD", "15.GCD\15.GCD.csproj", "{B3FB2334-FA43-4AC8-9881-CC0487013C2A}"
EndProject
Project("{FAE04EC0-301F-11D3-BF4B-00C04F79EFBC}") = "16.TrailingZeroesInN", "16.TrailingZeroesInN\16.TrailingZeroesInN.csproj", "{B18C1600-6890-4BC2-88CD-AD318A1DF9DE}"
EndProject
Project("{FAE04EC0-301F-11D3-BF4B-00C04F79EFBC}") = "17.SpiralMatrix", "17.SpiralMatrix\17.SpiralMatrix.csproj", "{ACA66EF6-B9BC-4089-8EBD-5E53C48FC3F3}"
EndProject
Global
	GlobalSection(SolutionConfigurationPlatforms) = preSolution
		Debug|Any CPU = Debug|Any CPU
		Release|Any CPU = Release|Any CPU
	EndGlobalSection
	GlobalSection(ProjectConfigurationPlatforms) = postSolution
		{064D4865-BC8D-406E-B1FB-714C2CDAE09A}.Debug|Any CPU.ActiveCfg = Debug|Any CPU
		{064D4865-BC8D-406E-B1FB-714C2CDAE09A}.Debug|Any CPU.Build.0 = Debug|Any CPU
		{064D4865-BC8D-406E-B1FB-714C2CDAE09A}.Release|Any CPU.ActiveCfg = Release|Any CPU
		{064D4865-BC8D-406E-B1FB-714C2CDAE09A}.Release|Any CPU.Build.0 = Release|Any CPU
		{E7DA856C-71B7-415B-9182-10B136E60F19}.Debug|Any CPU.ActiveCfg = Debug|Any CPU
		{E7DA856C-71B7-415B-9182-10B136E60F19}.Debug|Any CPU.Build.0 = Debug|Any CPU
		{E7DA856C-71B7-415B-9182-10B136E60F19}.Release|Any CPU.ActiveCfg = Release|Any CPU
		{E7DA856C-71B7-415B-9182-10B136E60F19}.Release|Any CPU.Build.0 = Release|Any CPU
		{A1DE76A3-60B7-4515-941E-AE8B58924304}.Debug|Any CPU.ActiveCfg = Debug|Any CPU
		{A1DE76A3-60B7-4515-941E-AE8B58924304}.Debug|Any CPU.Build.0 = Debug|Any CPU
		{A1DE76A3-60B7-4515-941E-AE8B58924304}.Release|Any CPU.ActiveCfg = Release|Any CPU
		{A1DE76A3-60B7-4515-941E-AE8B58924304}.Release|Any CPU.Build.0 = Release|Any CPU
		{74F52CF2-CA9B-44F3-898E-BB1694B68E63}.Debug|Any CPU.ActiveCfg = Debug|Any CPU
		{74F52CF2-CA9B-44F3-898E-BB1694B68E63}.Debug|Any CPU.Build.0 = Debug|Any CPU
		{74F52CF2-CA9B-44F3-898E-BB1694B68E63}.Release|Any CPU.ActiveCfg = Release|Any CPU
		{74F52CF2-CA9B-44F3-898E-BB1694B68E63}.Release|Any CPU.Build.0 = Release|Any CPU
		{41E53602-455A-4121-B438-29E12FE3555F}.Debug|Any CPU.ActiveCfg = Debug|Any CPU
		{41E53602-455A-4121-B438-29E12FE3555F}.Debug|Any CPU.Build.0 = Debug|Any CPU
		{41E53602-455A-4121-B438-29E12FE3555F}.Release|Any CPU.ActiveCfg = Release|Any CPU
		{41E53602-455A-4121-B438-29E12FE3555F}.Release|Any CPU.Build.0 = Release|Any CPU
		{3F6BEFF6-61E8-40A3-A6A0-DE8CC204AD1C}.Debug|Any CPU.ActiveCfg = Debug|Any CPU
		{3F6BEFF6-61E8-40A3-A6A0-DE8CC204AD1C}.Debug|Any CPU.Build.0 = Debug|Any CPU
		{3F6BEFF6-61E8-40A3-A6A0-DE8CC204AD1C}.Release|Any CPU.ActiveCfg = Release|Any CPU
		{3F6BEFF6-61E8-40A3-A6A0-DE8CC204AD1C}.Release|Any CPU.Build.0 = Release|Any CPU
		{D454B61B-9AA1-476A-97DC-C88FCDD1FBB6}.Debug|Any CPU.ActiveCfg = Debug|Any CPU
		{D454B61B-9AA1-476A-97DC-C88FCDD1FBB6}.Debug|Any CPU.Build.0 = Debug|Any CPU
		{D454B61B-9AA1-476A-97DC-C88FCDD1FBB6}.Release|Any CPU.ActiveCfg = Release|Any CPU
		{D454B61B-9AA1-476A-97DC-C88FCDD1FBB6}.Release|Any CPU.Build.0 = Release|Any CPU
		{B5BF9D8B-04D3-41E3-8702-47121EC1B078}.Debug|Any CPU.ActiveCfg = Debug|Any CPU
		{B5BF9D8B-04D3-41E3-8702-47121EC1B078}.Debug|Any CPU.Build.0 = Debug|Any CPU
		{B5BF9D8B-04D3-41E3-8702-47121EC1B078}.Release|Any CPU.ActiveCfg = Release|Any CPU
		{B5BF9D8B-04D3-41E3-8702-47121EC1B078}.Release|Any CPU.Build.0 = Release|Any CPU
		{23476ABA-435C-414E-B1F2-E015AD193989}.Debug|Any CPU.ActiveCfg = Debug|Any CPU
		{23476ABA-435C-414E-B1F2-E015AD193989}.Debug|Any CPU.Build.0 = Debug|Any CPU
		{23476ABA-435C-414E-B1F2-E015AD193989}.Release|Any CPU.ActiveCfg = Release|Any CPU
		{23476ABA-435C-414E-B1F2-E015AD193989}.Release|Any CPU.Build.0 = Release|Any CPU
		{75CDC586-7747-48C3-A295-1F10E34BB689}.Debug|Any CPU.ActiveCfg = Debug|Any CPU
		{75CDC586-7747-48C3-A295-1F10E34BB689}.Debug|Any CPU.Build.0 = Debug|Any CPU
		{75CDC586-7747-48C3-A295-1F10E34BB689}.Release|Any CPU.ActiveCfg = Release|Any CPU
		{75CDC586-7747-48C3-A295-1F10E34BB689}.Release|Any CPU.Build.0 = Release|Any CPU
		{AC0C320F-136A-45D1-956F-C2D0E111F4D0}.Debug|Any CPU.ActiveCfg = Debug|Any CPU
		{AC0C320F-136A-45D1-956F-C2D0E111F4D0}.Debug|Any CPU.Build.0 = Debug|Any CPU
		{AC0C320F-136A-45D1-956F-C2D0E111F4D0}.Release|Any CPU.ActiveCfg = Release|Any CPU
		{AC0C320F-136A-45D1-956F-C2D0E111F4D0}.Release|Any CPU.Build.0 = Release|Any CPU
		{47EABB6B-8D8D-4BCC-88F6-FB9ED0718AF8}.Debug|Any CPU.ActiveCfg = Debug|Any CPU
		{47EABB6B-8D8D-4BCC-88F6-FB9ED0718AF8}.Debug|Any CPU.Build.0 = Debug|Any CPU
		{47EABB6B-8D8D-4BCC-88F6-FB9ED0718AF8}.Release|Any CPU.ActiveCfg = Release|Any CPU
		{47EABB6B-8D8D-4BCC-88F6-FB9ED0718AF8}.Release|Any CPU.Build.0 = Release|Any CPU
		{A8199FF0-19EB-4990-9FD6-761B08033089}.Debug|Any CPU.ActiveCfg = Debug|Any CPU
		{A8199FF0-19EB-4990-9FD6-761B08033089}.Debug|Any CPU.Build.0 = Debug|Any CPU
		{A8199FF0-19EB-4990-9FD6-761B08033089}.Release|Any CPU.ActiveCfg = Release|Any CPU
		{A8199FF0-19EB-4990-9FD6-761B08033089}.Release|Any CPU.Build.0 = Release|Any CPU
		{244F2911-E158-4488-8EEC-754C8CB71CF9}.Debug|Any CPU.ActiveCfg = Debug|Any CPU
		{244F2911-E158-4488-8EEC-754C8CB71CF9}.Debug|Any CPU.Build.0 = Debug|Any CPU
		{244F2911-E158-4488-8EEC-754C8CB71CF9}.Release|Any CPU.ActiveCfg = Release|Any CPU
		{244F2911-E158-4488-8EEC-754C8CB71CF9}.Release|Any CPU.Build.0 = Release|Any CPU
		{DF75AC08-596D-417C-9F73-B02785CE604C}.Debug|Any CPU.ActiveCfg = Debug|Any CPU
		{DF75AC08-596D-417C-9F73-B02785CE604C}.Debug|Any CPU.Build.0 = Debug|Any CPU
		{DF75AC08-596D-417C-9F73-B02785CE604C}.Release|Any CPU.ActiveCfg = Release|Any CPU
		{DF75AC08-596D-417C-9F73-B02785CE604C}.Release|Any CPU.Build.0 = Release|Any CPU
		{0E6EA02F-B267-49B7-9AAE-E6B33A2C48BB}.Debug|Any CPU.ActiveCfg = Debug|Any CPU
		{0E6EA02F-B267-49B7-9AAE-E6B33A2C48BB}.Debug|Any CPU.Build.0 = Debug|Any CPU
		{0E6EA02F-B267-49B7-9AAE-E6B33A2C48BB}.Release|Any CPU.ActiveCfg = Release|Any CPU
		{0E6EA02F-B267-49B7-9AAE-E6B33A2C48BB}.Release|Any CPU.Build.0 = Release|Any CPU
		{36D27082-D031-4936-9CE2-FF615928BA42}.Debug|Any CPU.ActiveCfg = Debug|Any CPU
		{36D27082-D031-4936-9CE2-FF615928BA42}.Debug|Any CPU.Build.0 = Debug|Any CPU
		{36D27082-D031-4936-9CE2-FF615928BA42}.Release|Any CPU.ActiveCfg = Release|Any CPU
		{36D27082-D031-4936-9CE2-FF615928BA42}.Release|Any CPU.Build.0 = Release|Any CPU
		{B784A6C0-D5CF-47B1-AAD1-DA4DF65D3DC8}.Debug|Any CPU.ActiveCfg = Debug|Any CPU
		{B784A6C0-D5CF-47B1-AAD1-DA4DF65D3DC8}.Debug|Any CPU.Build.0 = Debug|Any CPU
		{B784A6C0-D5CF-47B1-AAD1-DA4DF65D3DC8}.Release|Any CPU.ActiveCfg = Release|Any CPU
		{B784A6C0-D5CF-47B1-AAD1-DA4DF65D3DC8}.Release|Any CPU.Build.0 = Release|Any CPU
		{A8941563-640B-4246-9C11-90441EDA44EC}.Debug|Any CPU.ActiveCfg = Debug|Any CPU
		{A8941563-640B-4246-9C11-90441EDA44EC}.Debug|Any CPU.Build.0 = Debug|Any CPU
		{A8941563-640B-4246-9C11-90441EDA44EC}.Release|Any CPU.ActiveCfg = Release|Any CPU
		{A8941563-640B-4246-9C11-90441EDA44EC}.Release|Any CPU.Build.0 = Release|Any CPU
		{6A095E6E-16CD-4BFC-8647-A1013E1D8458}.Debug|Any CPU.ActiveCfg = Debug|Any CPU
		{6A095E6E-16CD-4BFC-8647-A1013E1D8458}.Debug|Any CPU.Build.0 = Debug|Any CPU
		{6A095E6E-16CD-4BFC-8647-A1013E1D8458}.Release|Any CPU.ActiveCfg = Release|Any CPU
		{6A095E6E-16CD-4BFC-8647-A1013E1D8458}.Release|Any CPU.Build.0 = Release|Any CPU
		{055DCC1D-9C69-42E7-996B-BABFE4214BBB}.Debug|Any CPU.ActiveCfg = Debug|Any CPU
		{055DCC1D-9C69-42E7-996B-BABFE4214BBB}.Debug|Any CPU.Build.0 = Debug|Any CPU
		{055DCC1D-9C69-42E7-996B-BABFE4214BBB}.Release|Any CPU.ActiveCfg = Release|Any CPU
		{055DCC1D-9C69-42E7-996B-BABFE4214BBB}.Release|Any CPU.Build.0 = Release|Any CPU
		{CA4241DC-64A9-49AA-93EA-BDB48E5EFA7D}.Debug|Any CPU.ActiveCfg = Debug|Any CPU
		{CA4241DC-64A9-49AA-93EA-BDB48E5EFA7D}.Debug|Any CPU.Build.0 = Debug|Any CPU
		{CA4241DC-64A9-49AA-93EA-BDB48E5EFA7D}.Release|Any CPU.ActiveCfg = Release|Any CPU
		{CA4241DC-64A9-49AA-93EA-BDB48E5EFA7D}.Release|Any CPU.Build.0 = Release|Any CPU
		{65F0CA9D-A8D0-44C0-8054-88E25B9E04A0}.Debug|Any CPU.ActiveCfg = Debug|Any CPU
		{65F0CA9D-A8D0-44C0-8054-88E25B9E04A0}.Debug|Any CPU.Build.0 = Debug|Any CPU
		{65F0CA9D-A8D0-44C0-8054-88E25B9E04A0}.Release|Any CPU.ActiveCfg = Release|Any CPU
		{65F0CA9D-A8D0-44C0-8054-88E25B9E04A0}.Release|Any CPU.Build.0 = Release|Any CPU
		{B3FB2334-FA43-4AC8-9881-CC0487013C2A}.Debug|Any CPU.ActiveCfg = Debug|Any CPU
		{B3FB2334-FA43-4AC8-9881-CC0487013C2A}.Debug|Any CPU.Build.0 = Debug|Any CPU
		{B3FB2334-FA43-4AC8-9881-CC0487013C2A}.Release|Any CPU.ActiveCfg = Release|Any CPU
		{B3FB2334-FA43-4AC8-9881-CC0487013C2A}.Release|Any CPU.Build.0 = Release|Any CPU
		{B18C1600-6890-4BC2-88CD-AD318A1DF9DE}.Debug|Any CPU.ActiveCfg = Debug|Any CPU
		{B18C1600-6890-4BC2-88CD-AD318A1DF9DE}.Debug|Any CPU.Build.0 = Debug|Any CPU
		{B18C1600-6890-4BC2-88CD-AD318A1DF9DE}.Release|Any CPU.ActiveCfg = Release|Any CPU
		{B18C1600-6890-4BC2-88CD-AD318A1DF9DE}.Release|Any CPU.Build.0 = Release|Any CPU
		{ACA66EF6-B9BC-4089-8EBD-5E53C48FC3F3}.Debug|Any CPU.ActiveCfg = Debug|Any CPU
		{ACA66EF6-B9BC-4089-8EBD-5E53C48FC3F3}.Debug|Any CPU.Build.0 = Debug|Any CPU
		{ACA66EF6-B9BC-4089-8EBD-5E53C48FC3F3}.Release|Any CPU.ActiveCfg = Release|Any CPU
		{ACA66EF6-B9BC-4089-8EBD-5E53C48FC3F3}.Release|Any CPU.Build.0 = Release|Any CPU
	EndGlobalSection
	GlobalSection(SolutionProperties) = preSolution
		HideSolutionNode = FALSE
	EndGlobalSection
EndGlobal
