
Microsoft Visual Studio Solution File, Format Version 12.00
# Visual Studio 14
VisualStudioVersion = 14.0.25123.0
MinimumVisualStudioVersion = 10.0.40219.1
Project("{FAE04EC0-301F-11D3-BF4B-00C04F79EFBC}") = "01.SumOfThreeNumbers", "01.SumOfThreeNumbers\01.SumOfThreeNumbers.csproj", "{41836C45-2137-4005-A175-006D9D88E026}"
EndProject
Project("{FAE04EC0-301F-11D3-BF4B-00C04F79EFBC}") = "02.ComanyInfo", "02.ComanyInfo\02.ComanyInfo.csproj", "{F0CDDEF1-FEA7-41CC-9E58-A1FAC0F9DB11}"
EndProject
Project("{FAE04EC0-301F-11D3-BF4B-00C04F79EFBC}") = "03.Circle", "03.Circle\03.Circle.csproj", "{D3DBE6FF-EF0D-444E-8978-7261B5F0A899}"
EndProject
Project("{FAE04EC0-301F-11D3-BF4B-00C04F79EFBC}") = "04.FormattingNumbers", "04.FormattingNumbers\04.FormattingNumbers.csproj", "{F18D6D17-C85D-4724-9712-87B08E88CE78}"
EndProject
Project("{FAE04EC0-301F-11D3-BF4B-00C04F79EFBC}") = "05.NumberComparer", "05.NumberComparer\05.NumberComparer.csproj", "{72B0DAF7-D9D5-456A-9FB7-AAFDC643EBFE}"
EndProject
Project("{FAE04EC0-301F-11D3-BF4B-00C04F79EFBC}") = "06.QuadraticEquation", "06.QuadraticEquation\06.QuadraticEquation.csproj", "{E993F484-892C-4B0D-99CD-CA82F5393B03}"
EndProject
Project("{FAE04EC0-301F-11D3-BF4B-00C04F79EFBC}") = "07.SumOfFiveNumbers", "07.SumOfFiveNumbers\07.SumOfFiveNumbers.csproj", "{3566B090-D66B-4127-9B51-039AAC2CE567}"
EndProject
Project("{FAE04EC0-301F-11D3-BF4B-00C04F79EFBC}") = "08.NumbersFromOneToN", "08.NumbersFromOneToN\08.NumbersFromOneToN.csproj", "{71620183-1768-4494-A21D-0E986B647650}"
EndProject
Project("{FAE04EC0-301F-11D3-BF4B-00C04F79EFBC}") = "09.SumOfNNumbers", "09.SumOfNNumbers\09.SumOfNNumbers.csproj", "{B989772A-DAD6-4CA1-A1A9-90AE1AA07CE5}"
EndProject
Project("{FAE04EC0-301F-11D3-BF4B-00C04F79EFBC}") = "10.FibonacciNumbers", "10.FibonacciNumbers\10.FibonacciNumbers.csproj", "{A2F732A2-39C3-4CB6-8771-6BDF9064AC32}"
EndProject
Project("{FAE04EC0-301F-11D3-BF4B-00C04F79EFBC}") = "11.Interval", "11.Interval\11.Interval.csproj", "{CE08773D-F131-4CBF-BBAF-A23E0DD579F4}"
EndProject
Global
	GlobalSection(SolutionConfigurationPlatforms) = preSolution
		Debug|Any CPU = Debug|Any CPU
		Release|Any CPU = Release|Any CPU
	EndGlobalSection
	GlobalSection(ProjectConfigurationPlatforms) = postSolution
		{41836C45-2137-4005-A175-006D9D88E026}.Debug|Any CPU.ActiveCfg = Debug|Any CPU
		{41836C45-2137-4005-A175-006D9D88E026}.Debug|Any CPU.Build.0 = Debug|Any CPU
		{41836C45-2137-4005-A175-006D9D88E026}.Release|Any CPU.ActiveCfg = Release|Any CPU
		{41836C45-2137-4005-A175-006D9D88E026}.Release|Any CPU.Build.0 = Release|Any CPU
		{F0CDDEF1-FEA7-41CC-9E58-A1FAC0F9DB11}.Debug|Any CPU.ActiveCfg = Debug|Any CPU
		{F0CDDEF1-FEA7-41CC-9E58-A1FAC0F9DB11}.Debug|Any CPU.Build.0 = Debug|Any CPU
		{F0CDDEF1-FEA7-41CC-9E58-A1FAC0F9DB11}.Release|Any CPU.ActiveCfg = Release|Any CPU
		{F0CDDEF1-FEA7-41CC-9E58-A1FAC0F9DB11}.Release|Any CPU.Build.0 = Release|Any CPU
		{D3DBE6FF-EF0D-444E-8978-7261B5F0A899}.Debug|Any CPU.ActiveCfg = Debug|Any CPU
		{D3DBE6FF-EF0D-444E-8978-7261B5F0A899}.Debug|Any CPU.Build.0 = Debug|Any CPU
		{D3DBE6FF-EF0D-444E-8978-7261B5F0A899}.Release|Any CPU.ActiveCfg = Release|Any CPU
		{D3DBE6FF-EF0D-444E-8978-7261B5F0A899}.Release|Any CPU.Build.0 = Release|Any CPU
		{F18D6D17-C85D-4724-9712-87B08E88CE78}.Debug|Any CPU.ActiveCfg = Debug|Any CPU
		{F18D6D17-C85D-4724-9712-87B08E88CE78}.Debug|Any CPU.Build.0 = Debug|Any CPU
		{F18D6D17-C85D-4724-9712-87B08E88CE78}.Release|Any CPU.ActiveCfg = Release|Any CPU
		{F18D6D17-C85D-4724-9712-87B08E88CE78}.Release|Any CPU.Build.0 = Release|Any CPU
		{72B0DAF7-D9D5-456A-9FB7-AAFDC643EBFE}.Debug|Any CPU.ActiveCfg = Debug|Any CPU
		{72B0DAF7-D9D5-456A-9FB7-AAFDC643EBFE}.Debug|Any CPU.Build.0 = Debug|Any CPU
		{72B0DAF7-D9D5-456A-9FB7-AAFDC643EBFE}.Release|Any CPU.ActiveCfg = Release|Any CPU
		{72B0DAF7-D9D5-456A-9FB7-AAFDC643EBFE}.Release|Any CPU.Build.0 = Release|Any CPU
		{E993F484-892C-4B0D-99CD-CA82F5393B03}.Debug|Any CPU.ActiveCfg = Debug|Any CPU
		{E993F484-892C-4B0D-99CD-CA82F5393B03}.Debug|Any CPU.Build.0 = Debug|Any CPU
		{E993F484-892C-4B0D-99CD-CA82F5393B03}.Release|Any CPU.ActiveCfg = Release|Any CPU
		{E993F484-892C-4B0D-99CD-CA82F5393B03}.Release|Any CPU.Build.0 = Release|Any CPU
		{3566B090-D66B-4127-9B51-039AAC2CE567}.Debug|Any CPU.ActiveCfg = Debug|Any CPU
		{3566B090-D66B-4127-9B51-039AAC2CE567}.Debug|Any CPU.Build.0 = Debug|Any CPU
		{3566B090-D66B-4127-9B51-039AAC2CE567}.Release|Any CPU.ActiveCfg = Release|Any CPU
		{3566B090-D66B-4127-9B51-039AAC2CE567}.Release|Any CPU.Build.0 = Release|Any CPU
		{71620183-1768-4494-A21D-0E986B647650}.Debug|Any CPU.ActiveCfg = Debug|Any CPU
		{71620183-1768-4494-A21D-0E986B647650}.Debug|Any CPU.Build.0 = Debug|Any CPU
		{71620183-1768-4494-A21D-0E986B647650}.Release|Any CPU.ActiveCfg = Release|Any CPU
		{71620183-1768-4494-A21D-0E986B647650}.Release|Any CPU.Build.0 = Release|Any CPU
		{B989772A-DAD6-4CA1-A1A9-90AE1AA07CE5}.Debug|Any CPU.ActiveCfg = Debug|Any CPU
		{B989772A-DAD6-4CA1-A1A9-90AE1AA07CE5}.Debug|Any CPU.Build.0 = Debug|Any CPU
		{B989772A-DAD6-4CA1-A1A9-90AE1AA07CE5}.Release|Any CPU.ActiveCfg = Release|Any CPU
		{B989772A-DAD6-4CA1-A1A9-90AE1AA07CE5}.Release|Any CPU.Build.0 = Release|Any CPU
		{A2F732A2-39C3-4CB6-8771-6BDF9064AC32}.Debug|Any CPU.ActiveCfg = Debug|Any CPU
		{A2F732A2-39C3-4CB6-8771-6BDF9064AC32}.Debug|Any CPU.Build.0 = Debug|Any CPU
		{A2F732A2-39C3-4CB6-8771-6BDF9064AC32}.Release|Any CPU.ActiveCfg = Release|Any CPU
		{A2F732A2-39C3-4CB6-8771-6BDF9064AC32}.Release|Any CPU.Build.0 = Release|Any CPU
		{CE08773D-F131-4CBF-BBAF-A23E0DD579F4}.Debug|Any CPU.ActiveCfg = Debug|Any CPU
		{CE08773D-F131-4CBF-BBAF-A23E0DD579F4}.Debug|Any CPU.Build.0 = Debug|Any CPU
		{CE08773D-F131-4CBF-BBAF-A23E0DD579F4}.Release|Any CPU.ActiveCfg = Release|Any CPU
		{CE08773D-F131-4CBF-BBAF-A23E0DD579F4}.Release|Any CPU.Build.0 = Release|Any CPU
	EndGlobalSection
	GlobalSection(SolutionProperties) = preSolution
		HideSolutionNode = FALSE
	EndGlobalSection
EndGlobal
